
Microsoft Visual Studio Solution File, Format Version 12.00
# Visual Studio 14
VisualStudioVersion = 14.0.24720.0
MinimumVisualStudioVersion = 10.0.40219.1
Project("{FAE04EC0-301F-11D3-BF4B-00C04F79EFBC}") = "IPConnect_Testing", "IPConnect_Testing\IPConnect_Testing.csproj", "{50A76ED1-5122-446D-ADF1-8CAA55C6A8E3}"
EndProject
Project("{FAE04EC0-301F-11D3-BF4B-00C04F79EFBC}") = "HTTP_Streamer", "HTTP_Streamer\HTTP_Streamer.csproj", "{333D7319-2F86-4971-B189-72882C85D80F}"
EndProject
Project("{FAE04EC0-301F-11D3-BF4B-00C04F79EFBC}") = "Tools", "Tools\Tools.csproj", "{871B781A-BEC7-46E8-A267-19E4E41E222C}"
EndProject
Project("{FAE04EC0-301F-11D3-BF4B-00C04F79EFBC}") = "Testing", "Testing\Testing.csproj", "{75E76375-E6B2-4E93-BE6A-F5AA4D53027F}"
EndProject
Project("{FAE04EC0-301F-11D3-BF4B-00C04F79EFBC}") = "DAL", "DAL\DAL.csproj", "{784EE66B-43B8-48AD-9C7C-8951425D87BC}"
EndProject
Project("{00D1A9C2-B5F0-4AF3-8072-F6C62B433612}") = "DBCapture", "DBCapture\DBCapture.sqlproj", "{4A6F66C2-AE05-4C97-BD19-C14E929C2E68}"
EndProject
Project("{FAE04EC0-301F-11D3-BF4B-00C04F79EFBC}") = "ImageAnalysis", "ImageAnalysis\ImageAnalysis.csproj", "{2565CD41-8BD7-4F44-9CDF-74390E525DE2}"
EndProject
Project("{FAE04EC0-301F-11D3-BF4B-00C04F79EFBC}") = "ImageAdminWeb", "ImageAdminWeb\ImageAdminWeb.csproj", "{8FE77733-DD54-4A8A-9C42-A4B38EE06815}"
EndProject
Project("{FAE04EC0-301F-11D3-BF4B-00C04F79EFBC}") = "ImageAnalysisDAL", "ImageAnalysisDAL\ImageAnalysisDAL.csproj", "{291D7591-ED18-45B3-A2F4-F1DD7860C881}"
EndProject
Global
	GlobalSection(SolutionConfigurationPlatforms) = preSolution
		Debug|Any CPU = Debug|Any CPU
		Release|Any CPU = Release|Any CPU
	EndGlobalSection
	GlobalSection(ProjectConfigurationPlatforms) = postSolution
		{50A76ED1-5122-446D-ADF1-8CAA55C6A8E3}.Debug|Any CPU.ActiveCfg = Debug|Any CPU
		{50A76ED1-5122-446D-ADF1-8CAA55C6A8E3}.Debug|Any CPU.Build.0 = Debug|Any CPU
		{50A76ED1-5122-446D-ADF1-8CAA55C6A8E3}.Release|Any CPU.ActiveCfg = Release|Any CPU
		{50A76ED1-5122-446D-ADF1-8CAA55C6A8E3}.Release|Any CPU.Build.0 = Release|Any CPU
		{333D7319-2F86-4971-B189-72882C85D80F}.Debug|Any CPU.ActiveCfg = Debug|Any CPU
		{333D7319-2F86-4971-B189-72882C85D80F}.Debug|Any CPU.Build.0 = Debug|Any CPU
		{333D7319-2F86-4971-B189-72882C85D80F}.Release|Any CPU.ActiveCfg = Release|Any CPU
		{333D7319-2F86-4971-B189-72882C85D80F}.Release|Any CPU.Build.0 = Release|Any CPU
		{871B781A-BEC7-46E8-A267-19E4E41E222C}.Debug|Any CPU.ActiveCfg = Debug|Any CPU
		{871B781A-BEC7-46E8-A267-19E4E41E222C}.Debug|Any CPU.Build.0 = Debug|Any CPU
		{871B781A-BEC7-46E8-A267-19E4E41E222C}.Release|Any CPU.ActiveCfg = Release|Any CPU
		{871B781A-BEC7-46E8-A267-19E4E41E222C}.Release|Any CPU.Build.0 = Release|Any CPU
		{75E76375-E6B2-4E93-BE6A-F5AA4D53027F}.Debug|Any CPU.ActiveCfg = Debug|Any CPU
		{75E76375-E6B2-4E93-BE6A-F5AA4D53027F}.Debug|Any CPU.Build.0 = Debug|Any CPU
		{75E76375-E6B2-4E93-BE6A-F5AA4D53027F}.Release|Any CPU.ActiveCfg = Release|Any CPU
		{75E76375-E6B2-4E93-BE6A-F5AA4D53027F}.Release|Any CPU.Build.0 = Release|Any CPU
		{784EE66B-43B8-48AD-9C7C-8951425D87BC}.Debug|Any CPU.ActiveCfg = Debug|Any CPU
		{784EE66B-43B8-48AD-9C7C-8951425D87BC}.Debug|Any CPU.Build.0 = Debug|Any CPU
		{784EE66B-43B8-48AD-9C7C-8951425D87BC}.Release|Any CPU.ActiveCfg = Release|Any CPU
		{784EE66B-43B8-48AD-9C7C-8951425D87BC}.Release|Any CPU.Build.0 = Release|Any CPU
		{4A6F66C2-AE05-4C97-BD19-C14E929C2E68}.Debug|Any CPU.ActiveCfg = Debug|Any CPU
		{4A6F66C2-AE05-4C97-BD19-C14E929C2E68}.Debug|Any CPU.Build.0 = Debug|Any CPU
		{4A6F66C2-AE05-4C97-BD19-C14E929C2E68}.Debug|Any CPU.Deploy.0 = Debug|Any CPU
		{4A6F66C2-AE05-4C97-BD19-C14E929C2E68}.Release|Any CPU.ActiveCfg = Release|Any CPU
		{4A6F66C2-AE05-4C97-BD19-C14E929C2E68}.Release|Any CPU.Build.0 = Release|Any CPU
		{4A6F66C2-AE05-4C97-BD19-C14E929C2E68}.Release|Any CPU.Deploy.0 = Release|Any CPU
		{2565CD41-8BD7-4F44-9CDF-74390E525DE2}.Debug|Any CPU.ActiveCfg = Debug|Any CPU
		{2565CD41-8BD7-4F44-9CDF-74390E525DE2}.Debug|Any CPU.Build.0 = Debug|Any CPU
		{2565CD41-8BD7-4F44-9CDF-74390E525DE2}.Release|Any CPU.ActiveCfg = Release|Any CPU
		{2565CD41-8BD7-4F44-9CDF-74390E525DE2}.Release|Any CPU.Build.0 = Release|Any CPU
		{8FE77733-DD54-4A8A-9C42-A4B38EE06815}.Debug|Any CPU.ActiveCfg = Debug|Any CPU
		{8FE77733-DD54-4A8A-9C42-A4B38EE06815}.Debug|Any CPU.Build.0 = Debug|Any CPU
		{8FE77733-DD54-4A8A-9C42-A4B38EE06815}.Release|Any CPU.ActiveCfg = Release|Any CPU
		{8FE77733-DD54-4A8A-9C42-A4B38EE06815}.Release|Any CPU.Build.0 = Release|Any CPU
		{291D7591-ED18-45B3-A2F4-F1DD7860C881}.Debug|Any CPU.ActiveCfg = Debug|Any CPU
		{291D7591-ED18-45B3-A2F4-F1DD7860C881}.Debug|Any CPU.Build.0 = Debug|Any CPU
		{291D7591-ED18-45B3-A2F4-F1DD7860C881}.Release|Any CPU.ActiveCfg = Release|Any CPU
		{291D7591-ED18-45B3-A2F4-F1DD7860C881}.Release|Any CPU.Build.0 = Release|Any CPU
	EndGlobalSection
	GlobalSection(SolutionProperties) = preSolution
		HideSolutionNode = FALSE
	EndGlobalSection
EndGlobal
